github.com/deckarep/golang-set/v2 v2.6.0 h1:XfcQbWM1LlMB8BsJ8N9vW5ehnnPVIw0je80NsVHagjM=
github.com/deckarep/golang-set/v2 v2.6.0/go.mod h1:VAky9rY/yGXJOLEDv3OMci+7wtDpOF4IN+y82NBOac4=
github.com/luskaner/aoe2DELanServer/battle-server-broadcast v1.2.1 h1:TgWp0wERP+f3unNh3eiIuzJ/nEfV/+XZBZegvMuMZSk=
github.com/luskaner/aoe2DELanServer/battle-server-broadcast v1.2.1/go.mod h1:vQ/CslrRbT5/MQfaeFR3bvfNmBt/Tb3A60hmSTGgre4=
github.com/luskaner/aoe2DELanServer/common v0.0.0-20240918220359-d75d77863d57 h1:50WXaR7UJFeeGYnpyfqEn7iJAI8RCPeVhl74K5Kx2wg=
github.com/luskaner/aoe2DELanServer/common v0.0.0-20240918220359-d75d77863d57/go.mod h1:G3U/jGaFbcBL/RXmLAWJn7qYA7Fprbgnjlo4rb+DhqM=
github.com/luskaner/aoe2DELanServer/launcher-common v0.0.0-20240831201030-0c83ebf31288 h1:TbA2aBdMA/PfzQaEikEstjxIjmUaE1McTiEY+n3AYq8=
github.com/luskaner/aoe2DELanServer/launcher-common v0.0.0-20240831201030-0c83ebf31288/go.mod h1:GArVOKNYOtVRw17ujwOKLV/HzPLx7BAQzuvacpbWGQ8=
golang.org/x/sys v0.24.0 h1:Twjiwq9dn6R1fQcyiK+wQyHWfaz/BJB+YIpzU/Cv3Xg=
golang.org/x/sys v0.24.0/go.mod h1:/VUhepiaJMQUp4+oa/7Zr1D23ma6VTLIYjOOTFZPUcA=
