github.com/deckarep/golang-set/v2 v2.6.0 h1:XfcQbWM1LlMB8BsJ8N9vW5ehnnPVIw0je80NsVHagjM=
github.com/deckarep/golang-set/v2 v2.6.0/go.mod h1:VAky9rY/yGXJOLEDv3OMci+7wtDpOF4IN+y82NBOac4=
github.com/luskaner/aoe2DELanServer/battle-server-broadcast v1.2.0-rc.7 h1:ud+duMqmrBgwmxwH6nglh+WToBQBeN+JLNTjgdRXVis=
github.com/luskaner/aoe2DELanServer/battle-server-broadcast v1.2.0-rc.7/go.mod h1:fgPYJYWr0uy9fRxvPCxJARP8wvic6ta5fZON8btj+Ps=
github.com/luskaner/aoe2DELanServer/common v0.0.0-20240803175212-482443b3f0c7 h1:4n+JfqEAxjkd9YkBUHyfZp49KvI66Ze2Hp9Mu0TWQUY=
github.com/luskaner/aoe2DELanServer/common v0.0.0-20240803175212-482443b3f0c7/go.mod h1:4Mk4kI3ikX8KjCVMSOwJoNJNN6B7tNoDjK/eejyb9x0=
github.com/luskaner/aoe2DELanServer/launcher-common v0.0.0-20240803181101-bd67ef728e1f h1:sHb0mdZJgQrhjxGfkkmwdo1/OkUWnESKxR1LDFswpHA=
github.com/luskaner/aoe2DELanServer/launcher-common v0.0.0-20240803181101-bd67ef728e1f/go.mod h1:tnrYJj6fW4Amo26jaI2DMCccmtI1JgzYntTCmd7DVqE=
golang.org/x/sys v0.22.0 h1:RI27ohtqKCnwULzJLqkv897zojh5/DwS/ENaMzUOaWI=
golang.org/x/sys v0.22.0/go.mod h1:/VUhepiaJMQUp4+oa/7Zr1D23ma6VTLIYjOOTFZPUcA=
