github.com/Microsoft/go-winio v0.6.2 h1:F2VQgta7ecxGYO8k3ZZz3RS8fVIXVxONVUPlNERoyfY=
github.com/Microsoft/go-winio v0.6.2/go.mod h1:yd8OoFMLzJbo9gZq8j5qaps8bJ9aShtEA8Ipt1oGCvU=
github.com/cpuguy83/go-md2man/v2 v2.0.4/go.mod h1:tgQtvFlXSQOSOSIRvRPT7W67SCa46tRHOmNcaadrF8o=
github.com/deckarep/golang-set/v2 v2.6.0 h1:XfcQbWM1LlMB8BsJ8N9vW5ehnnPVIw0je80NsVHagjM=
github.com/deckarep/golang-set/v2 v2.6.0/go.mod h1:VAky9rY/yGXJOLEDv3OMci+7wtDpOF4IN+y82NBOac4=
github.com/inconshreveable/mousetrap v1.1.0 h1:wN+x4NVGpMsO7ErUn/mUI3vEoE6Jt13X2s0bqwp9tc8=
github.com/inconshreveable/mousetrap v1.1.0/go.mod h1:vpF70FUmC8bwa3OWnCshd2FqLfsEA9PFc4w1p2J65bw=
github.com/luskaner/aoe2DELanServer/common v0.0.0-20240813200314-001649bbff63 h1:UYcA1nikKZDH8xJ5q81RItdRxqLHqNFgmkOMIZKAtHA=
github.com/luskaner/aoe2DELanServer/common v0.0.0-20240813200314-001649bbff63/go.mod h1:aY4WgTJHSFif1uOa9H0Jscxorp9g5Ol3N6rLexYFhU8=
github.com/luskaner/aoe2DELanServer/common v0.0.0-20240816182051-6f3ed50dd7fe h1:1IfHEBnTM8hZWzhFhzAi+mO+Si8T2xDLjmAbf8AoHRY=
github.com/luskaner/aoe2DELanServer/common v0.0.0-20240816182051-6f3ed50dd7fe/go.mod h1:aY4WgTJHSFif1uOa9H0Jscxorp9g5Ol3N6rLexYFhU8=
github.com/luskaner/aoe2DELanServer/launcher-common v0.0.0-20240814235549-76301384a25b h1:fvDpchTCuj6+RbbH6l1csnpLltBUwpgcIPnNu/EQ2dA=
github.com/luskaner/aoe2DELanServer/launcher-common v0.0.0-20240814235549-76301384a25b/go.mod h1:NMQapHmJN/yD5HhaPQhxDrLLMl33/G30AKf0xKj5bBw=
github.com/luskaner/aoe2DELanServer/launcher-common v0.0.0-20240816183217-3f5c7feda584 h1:noZeYpcI9YePO4Cg12BK1pRpT21HaKRoHJscyd7hx5s=
github.com/luskaner/aoe2DELanServer/launcher-common v0.0.0-20240816183217-3f5c7feda584/go.mod h1:NMQapHmJN/yD5HhaPQhxDrLLMl33/G30AKf0xKj5bBw=
github.com/russross/blackfriday/v2 v2.1.0/go.mod h1:+Rmxgy9KzJVeS9/2gXHxylqXiyQDYRxCVz55jmeOWTM=
github.com/spf13/cobra v1.8.1 h1:e5/vxKd/rZsfSJMUX1agtjeTDf+qv1/JdBF8gg5k9ZM=
github.com/spf13/cobra v1.8.1/go.mod h1:wHxEcudfqmLYa8iTfL+OuZPbBZkmvliBWKIezN3kD9Y=
github.com/spf13/pflag v1.0.5 h1:iy+VFUOCP1a+8yFto/drg2CJ5u0yRoB7fZw3DKv/JXA=
github.com/spf13/pflag v1.0.5/go.mod h1:McXfInJRrz4CZXVZOBLb0bTZqETkiAhM9Iw0y3An2Bg=
golang.org/x/sys v0.24.0 h1:Twjiwq9dn6R1fQcyiK+wQyHWfaz/BJB+YIpzU/Cv3Xg=
golang.org/x/sys v0.24.0/go.mod h1:/VUhepiaJMQUp4+oa/7Zr1D23ma6VTLIYjOOTFZPUcA=
gopkg.in/check.v1 v0.0.0-20161208181325-20d25e280405/go.mod h1:Co6ibVJAznAaIkqp8huTwlJQCZ016jof/cbN4VW5Yz0=
gopkg.in/yaml.v3 v3.0.1/go.mod h1:K4uyk7z7BCEPqu6E+C64Yfv1cQ7kz7rIZviUmN+EgEM=
